// !$*UTF8*$!
{
	archiveVersion = 1;
	classes = {
	};
	objectVersion = 48;
	objects = {

/* Begin PBXBuildFile section */
		9B40B16420A7D16F00F2E241 /* BinaryTree.swift in Sources */ = {isa = PBXBuildFile; fileRef = 9B40B16320A7D16F00F2E241 /* BinaryTree.swift */; };
		9B40B16620AC9DC300F2E241 /* SingleLinkedList.swift in Sources */ = {isa = PBXBuildFile; fileRef = 9B40B16520AC9DC300F2E241 /* SingleLinkedList.swift */; };
		9B4EE60E20BD2E5E00C667A6 /* TreeQuestions.swift in Sources */ = {isa = PBXBuildFile; fileRef = 9B4EE60D20BD2E5E00C667A6 /* TreeQuestions.swift */; };
		9B4EE61020BD2F1500C667A6 /* GraphQuestion.swift in Sources */ = {isa = PBXBuildFile; fileRef = 9B4EE60F20BD2F1500C667A6 /* GraphQuestion.swift */; };
		9B60963220AE1B0900E5A2BB /* Vertex.swift in Sources */ = {isa = PBXBuildFile; fileRef = 9B60963120AE1B0900E5A2BB /* Vertex.swift */; };
		9B60963420AE1B1600E5A2BB /* Edge.swift in Sources */ = {isa = PBXBuildFile; fileRef = 9B60963320AE1B1600E5A2BB /* Edge.swift */; };
		9B60963620AE1B3700E5A2BB /* GraphAdjacencyList.swift in Sources */ = {isa = PBXBuildFile; fileRef = 9B60963520AE1B3700E5A2BB /* GraphAdjacencyList.swift */; };
		9B60963820AE1B4800E5A2BB /* GraphAdjacencyMatrix.swift in Sources */ = {isa = PBXBuildFile; fileRef = 9B60963720AE1B4800E5A2BB /* GraphAdjacencyMatrix.swift */; };
		9B60963A20AF573300E5A2BB /* SimpleProgram.swift in Sources */ = {isa = PBXBuildFile; fileRef = 9B60963920AF573300E5A2BB /* SimpleProgram.swift */; };
		9B60963C20AFB03D00E5A2BB /* stackImplementation.swift in Sources */ = {isa = PBXBuildFile; fileRef = 9B60963B20AFB03D00E5A2BB /* stackImplementation.swift */; };
		9B60963E20B3348F00E5A2BB /* QueueImplementation.swift in Sources */ = {isa = PBXBuildFile; fileRef = 9B60963D20B3348F00E5A2BB /* QueueImplementation.swift */; };
		9B60964020B36C8C00E5A2BB /* BTreeTest.swift in Sources */ = {isa = PBXBuildFile; fileRef = 9B60963F20B36C8C00E5A2BB /* BTreeTest.swift */; };
		9B60964520B5F7F100E5A2BB /* SingularLinkedList.swift in Sources */ = {isa = PBXBuildFile; fileRef = 9B60964220B5F7F100E5A2BB /* SingularLinkedList.swift */; };
		9B60964620B5F7F100E5A2BB /* CirculatLinkedList.swift in Sources */ = {isa = PBXBuildFile; fileRef = 9B60964320B5F7F100E5A2BB /* CirculatLinkedList.swift */; };
		9B60964720B5F7F100E5A2BB /* DoubleLinkedList.swift in Sources */ = {isa = PBXBuildFile; fileRef = 9B60964420B5F7F100E5A2BB /* DoubleLinkedList.swift */; };
		9B8A7493206C133A00458D84 /* BinarySearchTree.swift in Sources */ = {isa = PBXBuildFile; fileRef = 9B8A7492206C133900458D84 /* BinarySearchTree.swift */; };
		9B8A7495206C52C100458D84 /* SearchAlgorithm.swift in Sources */ = {isa = PBXBuildFile; fileRef = 9B8A7494206C52C100458D84 /* SearchAlgorithm.swift */; };
		9B8A7497206CB37700458D84 /* SortingAlgorithm.swift in Sources */ = {isa = PBXBuildFile; fileRef = 9B8A7496206CB37700458D84 /* SortingAlgorithm.swift */; };
		9B8D75B3206991CD002A40BD /* TreeDataStructure.swift in Sources */ = {isa = PBXBuildFile; fileRef = 9B8D75B2206991CD002A40BD /* TreeDataStructure.swift */; };
		9BD883882020F125002CF07E /* AppDelegate.swift in Sources */ = {isa = PBXBuildFile; fileRef = 9BD883872020F125002CF07E /* AppDelegate.swift */; };
		9BD8838A2020F125002CF07E /* ViewController.swift in Sources */ = {isa = PBXBuildFile; fileRef = 9BD883892020F125002CF07E /* ViewController.swift */; };
		9BD8838D2020F125002CF07E /* Main.storyboard in Resources */ = {isa = PBXBuildFile; fileRef = 9BD8838B2020F125002CF07E /* Main.storyboard */; };
		9BD883902020F125002CF07E /* TestDrivenDevelopment.xcdatamodeld in Sources */ = {isa = PBXBuildFile; fileRef = 9BD8838E2020F125002CF07E /* TestDrivenDevelopment.xcdatamodeld */; };
		9BD883922020F125002CF07E /* Assets.xcassets in Resources */ = {isa = PBXBuildFile; fileRef = 9BD883912020F125002CF07E /* Assets.xcassets */; };
		9BD883952020F125002CF07E /* LaunchScreen.storyboard in Resources */ = {isa = PBXBuildFile; fileRef = 9BD883932020F125002CF07E /* LaunchScreen.storyboard */; };
		9BD883A02020F125002CF07E /* TestDrivenDevelopmentTests.swift in Sources */ = {isa = PBXBuildFile; fileRef = 9BD8839F2020F125002CF07E /* TestDrivenDevelopmentTests.swift */; };
		9BD883AB2020F125002CF07E /* TestDrivenDevelopmentUITests.swift in Sources */ = {isa = PBXBuildFile; fileRef = 9BD883AA2020F125002CF07E /* TestDrivenDevelopmentUITests.swift */; };
/* End PBXBuildFile section */

/* Begin PBXContainerItemProxy section */
		9BD8839C2020F125002CF07E /* PBXContainerItemProxy */ = {
			isa = PBXContainerItemProxy;
			containerPortal = 9BD8837C2020F125002CF07E /* Project object */;
			proxyType = 1;
			remoteGlobalIDString = 9BD883832020F125002CF07E;
			remoteInfo = TestDrivenDevelopment;
		};
		9BD883A72020F125002CF07E /* PBXContainerItemProxy */ = {
			isa = PBXContainerItemProxy;
			containerPortal = 9BD8837C2020F125002CF07E /* Project object */;
			proxyType = 1;
			remoteGlobalIDString = 9BD883832020F125002CF07E;
			remoteInfo = TestDrivenDevelopment;
		};
/* End PBXContainerItemProxy section */

/* Begin PBXFileReference section */
		9B40B16320A7D16F00F2E241 /* BinaryTree.swift */ = {isa = PBXFileReference; lastKnownFileType = sourcecode.swift; path = BinaryTree.swift; sourceTree = "<group>"; };
		9B40B16520AC9DC300F2E241 /* SingleLinkedList.swift */ = {isa = PBXFileReference; lastKnownFileType = sourcecode.swift; path = SingleLinkedList.swift; sourceTree = "<group>"; };
		9B4EE60D20BD2E5E00C667A6 /* TreeQuestions.swift */ = {isa = PBXFileReference; lastKnownFileType = sourcecode.swift; path = TreeQuestions.swift; sourceTree = "<group>"; };
		9B4EE60F20BD2F1500C667A6 /* GraphQuestion.swift */ = {isa = PBXFileReference; lastKnownFileType = sourcecode.swift; path = GraphQuestion.swift; sourceTree = "<group>"; };
		9B60963120AE1B0900E5A2BB /* Vertex.swift */ = {isa = PBXFileReference; lastKnownFileType = sourcecode.swift; path = Vertex.swift; sourceTree = "<group>"; };
		9B60963320AE1B1600E5A2BB /* Edge.swift */ = {isa = PBXFileReference; lastKnownFileType = sourcecode.swift; path = Edge.swift; sourceTree = "<group>"; };
		9B60963520AE1B3700E5A2BB /* GraphAdjacencyList.swift */ = {isa = PBXFileReference; lastKnownFileType = sourcecode.swift; path = GraphAdjacencyList.swift; sourceTree = "<group>"; };
		9B60963720AE1B4800E5A2BB /* GraphAdjacencyMatrix.swift */ = {isa = PBXFileReference; lastKnownFileType = sourcecode.swift; path = GraphAdjacencyMatrix.swift; sourceTree = "<group>"; };
		9B60963920AF573300E5A2BB /* SimpleProgram.swift */ = {isa = PBXFileReference; lastKnownFileType = sourcecode.swift; path = SimpleProgram.swift; sourceTree = "<group>"; };
		9B60963B20AFB03D00E5A2BB /* stackImplementation.swift */ = {isa = PBXFileReference; lastKnownFileType = sourcecode.swift; path = stackImplementation.swift; sourceTree = "<group>"; };
		9B60963D20B3348F00E5A2BB /* QueueImplementation.swift */ = {isa = PBXFileReference; lastKnownFileType = sourcecode.swift; path = QueueImplementation.swift; sourceTree = "<group>"; };
		9B60963F20B36C8C00E5A2BB /* BTreeTest.swift */ = {isa = PBXFileReference; lastKnownFileType = sourcecode.swift; path = BTreeTest.swift; sourceTree = "<group>"; };
		9B60964220B5F7F100E5A2BB /* SingularLinkedList.swift */ = {isa = PBXFileReference; fileEncoding = 4; lastKnownFileType = sourcecode.swift; path = SingularLinkedList.swift; sourceTree = "<group>"; };
		9B60964320B5F7F100E5A2BB /* CirculatLinkedList.swift */ = {isa = PBXFileReference; fileEncoding = 4; lastKnownFileType = sourcecode.swift; path = CirculatLinkedList.swift; sourceTree = "<group>"; };
		9B60964420B5F7F100E5A2BB /* DoubleLinkedList.swift */ = {isa = PBXFileReference; fileEncoding = 4; lastKnownFileType = sourcecode.swift; path = DoubleLinkedList.swift; sourceTree = "<group>"; };
		9B8A7492206C133900458D84 /* BinarySearchTree.swift */ = {isa = PBXFileReference; lastKnownFileType = sourcecode.swift; path = BinarySearchTree.swift; sourceTree = "<group>"; };
		9B8A7494206C52C100458D84 /* SearchAlgorithm.swift */ = {isa = PBXFileReference; lastKnownFileType = sourcecode.swift; path = SearchAlgorithm.swift; sourceTree = "<group>"; };
		9B8A7496206CB37700458D84 /* SortingAlgorithm.swift */ = {isa = PBXFileReference; lastKnownFileType = sourcecode.swift; path = SortingAlgorithm.swift; sourceTree = "<group>"; };
		9B8D75B2206991CD002A40BD /* TreeDataStructure.swift */ = {isa = PBXFileReference; lastKnownFileType = sourcecode.swift; path = TreeDataStructure.swift; sourceTree = "<group>"; };
		9BD883842020F125002CF07E /* TestDrivenDevelopment.app */ = {isa = PBXFileReference; explicitFileType = wrapper.application; includeInIndex = 0; path = TestDrivenDevelopment.app; sourceTree = BUILT_PRODUCTS_DIR; };
		9BD883872020F125002CF07E /* AppDelegate.swift */ = {isa = PBXFileReference; lastKnownFileType = sourcecode.swift; path = AppDelegate.swift; sourceTree = "<group>"; };
		9BD883892020F125002CF07E /* ViewController.swift */ = {isa = PBXFileReference; lastKnownFileType = sourcecode.swift; path = ViewController.swift; sourceTree = "<group>"; };
		9BD8838C2020F125002CF07E /* Base */ = {isa = PBXFileReference; lastKnownFileType = file.storyboard; name = Base; path = Base.lproj/Main.storyboard; sourceTree = "<group>"; };
		9BD8838F2020F125002CF07E /* TestDrivenDevelopment.xcdatamodel */ = {isa = PBXFileReference; lastKnownFileType = wrapper.xcdatamodel; path = TestDrivenDevelopment.xcdatamodel; sourceTree = "<group>"; };
		9BD883912020F125002CF07E /* Assets.xcassets */ = {isa = PBXFileReference; lastKnownFileType = folder.assetcatalog; path = Assets.xcassets; sourceTree = "<group>"; };
		9BD883942020F125002CF07E /* Base */ = {isa = PBXFileReference; lastKnownFileType = file.storyboard; name = Base; path = Base.lproj/LaunchScreen.storyboard; sourceTree = "<group>"; };
		9BD883962020F125002CF07E /* Info.plist */ = {isa = PBXFileReference; lastKnownFileType = text.plist.xml; path = Info.plist; sourceTree = "<group>"; };
		9BD8839B2020F125002CF07E /* TestDrivenDevelopmentTests.xctest */ = {isa = PBXFileReference; explicitFileType = wrapper.cfbundle; includeInIndex = 0; path = TestDrivenDevelopmentTests.xctest; sourceTree = BUILT_PRODUCTS_DIR; };
		9BD8839F2020F125002CF07E /* TestDrivenDevelopmentTests.swift */ = {isa = PBXFileReference; lastKnownFileType = sourcecode.swift; path = TestDrivenDevelopmentTests.swift; sourceTree = "<group>"; };
		9BD883A12020F125002CF07E /* Info.plist */ = {isa = PBXFileReference; lastKnownFileType = text.plist.xml; path = Info.plist; sourceTree = "<group>"; };
		9BD883A62020F125002CF07E /* TestDrivenDevelopmentUITests.xctest */ = {isa = PBXFileReference; explicitFileType = wrapper.cfbundle; includeInIndex = 0; path = TestDrivenDevelopmentUITests.xctest; sourceTree = BUILT_PRODUCTS_DIR; };
		9BD883AA2020F125002CF07E /* TestDrivenDevelopmentUITests.swift */ = {isa = PBXFileReference; lastKnownFileType = sourcecode.swift; path = TestDrivenDevelopmentUITests.swift; sourceTree = "<group>"; };
		9BD883AC2020F125002CF07E /* Info.plist */ = {isa = PBXFileReference; lastKnownFileType = text.plist.xml; path = Info.plist; sourceTree = "<group>"; };
/* End PBXFileReference section */

/* Begin PBXFrameworksBuildPhase section */
		9BD883812020F125002CF07E /* Frameworks */ = {
			isa = PBXFrameworksBuildPhase;
			buildActionMask = 2147483647;
			files = (
			);
			runOnlyForDeploymentPostprocessing = 0;
		};
		9BD883982020F125002CF07E /* Frameworks */ = {
			isa = PBXFrameworksBuildPhase;
			buildActionMask = 2147483647;
			files = (
			);
			runOnlyForDeploymentPostprocessing = 0;
		};
		9BD883A32020F125002CF07E /* Frameworks */ = {
			isa = PBXFrameworksBuildPhase;
			buildActionMask = 2147483647;
			files = (
			);
			runOnlyForDeploymentPostprocessing = 0;
		};
/* End PBXFrameworksBuildPhase section */

/* Begin PBXGroup section */
		9B4EE60C20BD2E4B00C667A6 /* Questions */ = {
			isa = PBXGroup;
			children = (
				9B4EE60D20BD2E5E00C667A6 /* TreeQuestions.swift */,
				9B4EE60F20BD2F1500C667A6 /* GraphQuestion.swift */,
			);
			path = Questions;
			sourceTree = "<group>";
		};
		9B60963020AE1AD600E5A2BB /* Graph */ = {
			isa = PBXGroup;
			children = (
				9B60963120AE1B0900E5A2BB /* Vertex.swift */,
				9B60963320AE1B1600E5A2BB /* Edge.swift */,
				9B60963520AE1B3700E5A2BB /* GraphAdjacencyList.swift */,
				9B60963720AE1B4800E5A2BB /* GraphAdjacencyMatrix.swift */,
			);
			path = Graph;
			sourceTree = "<group>";
		};
		9B60964120B5F7CF00E5A2BB /* Linked List */ = {
			isa = PBXGroup;
			children = (
				9B60964220B5F7F100E5A2BB /* SingularLinkedList.swift */,
				9B60964420B5F7F100E5A2BB /* DoubleLinkedList.swift */,
				9B60964320B5F7F100E5A2BB /* CirculatLinkedList.swift */,
			);
			path = "Linked List";
			sourceTree = "<group>";
		};
		9BD8837B2020F125002CF07E = {
			isa = PBXGroup;
			children = (
				9BD883862020F125002CF07E /* TestDrivenDevelopment */,
				9BD8839E2020F125002CF07E /* TestDrivenDevelopmentTests */,
				9BD883A92020F125002CF07E /* TestDrivenDevelopmentUITests */,
				9BD883852020F125002CF07E /* Products */,
			);
			sourceTree = "<group>";
		};
		9BD883852020F125002CF07E /* Products */ = {
			isa = PBXGroup;
			children = (
				9BD883842020F125002CF07E /* TestDrivenDevelopment.app */,
				9BD8839B2020F125002CF07E /* TestDrivenDevelopmentTests.xctest */,
				9BD883A62020F125002CF07E /* TestDrivenDevelopmentUITests.xctest */,
			);
			name = Products;
			sourceTree = "<group>";
		};
		9BD883862020F125002CF07E /* TestDrivenDevelopment */ = {
			isa = PBXGroup;
			children = (
				9B4EE60C20BD2E4B00C667A6 /* Questions */,
				9B60964120B5F7CF00E5A2BB /* Linked List */,
				9B60963020AE1AD600E5A2BB /* Graph */,
				9BD883872020F125002CF07E /* AppDelegate.swift */,
				9B8A7492206C133900458D84 /* BinarySearchTree.swift */,
				9B8A7494206C52C100458D84 /* SearchAlgorithm.swift */,
				9B8D75B2206991CD002A40BD /* TreeDataStructure.swift */,
				9B8A7496206CB37700458D84 /* SortingAlgorithm.swift */,
				9BD883892020F125002CF07E /* ViewController.swift */,
				9BD8838B2020F125002CF07E /* Main.storyboard */,
				9BD883912020F125002CF07E /* Assets.xcassets */,
				9BD883932020F125002CF07E /* LaunchScreen.storyboard */,
				9BD883962020F125002CF07E /* Info.plist */,
				9BD8838E2020F125002CF07E /* TestDrivenDevelopment.xcdatamodeld */,
				9B40B16320A7D16F00F2E241 /* BinaryTree.swift */,
				9B40B16520AC9DC300F2E241 /* SingleLinkedList.swift */,
				9B60963920AF573300E5A2BB /* SimpleProgram.swift */,
				9B60963B20AFB03D00E5A2BB /* stackImplementation.swift */,
				9B60963D20B3348F00E5A2BB /* QueueImplementation.swift */,
				9B60963F20B36C8C00E5A2BB /* BTreeTest.swift */,
			);
			path = TestDrivenDevelopment;
			sourceTree = "<group>";
		};
		9BD8839E2020F125002CF07E /* TestDrivenDevelopmentTests */ = {
			isa = PBXGroup;
			children = (
				9BD8839F2020F125002CF07E /* TestDrivenDevelopmentTests.swift */,
				9BD883A12020F125002CF07E /* Info.plist */,
			);
			path = TestDrivenDevelopmentTests;
			sourceTree = "<group>";
		};
		9BD883A92020F125002CF07E /* TestDrivenDevelopmentUITests */ = {
			isa = PBXGroup;
			children = (
				9BD883AA2020F125002CF07E /* TestDrivenDevelopmentUITests.swift */,
				9BD883AC2020F125002CF07E /* Info.plist */,
			);
			path = TestDrivenDevelopmentUITests;
			sourceTree = "<group>";
		};
/* End PBXGroup section */

/* Begin PBXNativeTarget section */
		9BD883832020F125002CF07E /* TestDrivenDevelopment */ = {
			isa = PBXNativeTarget;
			buildConfigurationList = 9BD883AF2020F125002CF07E /* Build configuration list for PBXNativeTarget "TestDrivenDevelopment" */;
			buildPhases = (
				9BD883802020F125002CF07E /* Sources */,
				9BD883812020F125002CF07E /* Frameworks */,
				9BD883822020F125002CF07E /* Resources */,
			);
			buildRules = (
			);
			dependencies = (
			);
			name = TestDrivenDevelopment;
			productName = TestDrivenDevelopment;
			productReference = 9BD883842020F125002CF07E /* TestDrivenDevelopment.app */;
			productType = "com.apple.product-type.application";
		};
		9BD8839A2020F125002CF07E /* TestDrivenDevelopmentTests */ = {
			isa = PBXNativeTarget;
			buildConfigurationList = 9BD883B22020F125002CF07E /* Build configuration list for PBXNativeTarget "TestDrivenDevelopmentTests" */;
			buildPhases = (
				9BD883972020F125002CF07E /* Sources */,
				9BD883982020F125002CF07E /* Frameworks */,
				9BD883992020F125002CF07E /* Resources */,
			);
			buildRules = (
			);
			dependencies = (
				9BD8839D2020F125002CF07E /* PBXTargetDependency */,
			);
			name = TestDrivenDevelopmentTests;
			productName = TestDrivenDevelopmentTests;
			productReference = 9BD8839B2020F125002CF07E /* TestDrivenDevelopmentTests.xctest */;
			productType = "com.apple.product-type.bundle.unit-test";
		};
		9BD883A52020F125002CF07E /* TestDrivenDevelopmentUITests */ = {
			isa = PBXNativeTarget;
			buildConfigurationList = 9BD883B52020F125002CF07E /* Build configuration list for PBXNativeTarget "TestDrivenDevelopmentUITests" */;
			buildPhases = (
				9BD883A22020F125002CF07E /* Sources */,
				9BD883A32020F125002CF07E /* Frameworks */,
				9BD883A42020F125002CF07E /* Resources */,
			);
			buildRules = (
			);
			dependencies = (
				9BD883A82020F125002CF07E /* PBXTargetDependency */,
			);
			name = TestDrivenDevelopmentUITests;
			productName = TestDrivenDevelopmentUITests;
			productReference = 9BD883A62020F125002CF07E /* TestDrivenDevelopmentUITests.xctest */;
			productType = "com.apple.product-type.bundle.ui-testing";
		};
/* End PBXNativeTarget section */

/* Begin PBXProject section */
		9BD8837C2020F125002CF07E /* Project object */ = {
			isa = PBXProject;
			attributes = {
				LastSwiftUpdateCheck = 0920;
				LastUpgradeCheck = 0920;
				ORGANIZATIONNAME = MobileProgramming;
				TargetAttributes = {
					9BD883832020F125002CF07E = {
						CreatedOnToolsVersion = 9.2;
						ProvisioningStyle = Automatic;
					};
					9BD8839A2020F125002CF07E = {
						CreatedOnToolsVersion = 9.2;
						ProvisioningStyle = Automatic;
						TestTargetID = 9BD883832020F125002CF07E;
					};
					9BD883A52020F125002CF07E = {
						CreatedOnToolsVersion = 9.2;
						ProvisioningStyle = Automatic;
						TestTargetID = 9BD883832020F125002CF07E;
					};
				};
			};
			buildConfigurationList = 9BD8837F2020F125002CF07E /* Build configuration list for PBXProject "TestDrivenDevelopment" */;
			compatibilityVersion = "Xcode 8.0";
			developmentRegion = en;
			hasScannedForEncodings = 0;
			knownRegions = (
				en,
				Base,
			);
			mainGroup = 9BD8837B2020F125002CF07E;
			productRefGroup = 9BD883852020F125002CF07E /* Products */;
			projectDirPath = "";
			projectRoot = "";
			targets = (
				9BD883832020F125002CF07E /* TestDrivenDevelopment */,
				9BD8839A2020F125002CF07E /* TestDrivenDevelopmentTests */,
				9BD883A52020F125002CF07E /* TestDrivenDevelopmentUITests */,
			);
		};
/* End PBXProject section */

/* Begin PBXResourcesBuildPhase section */
		9BD883822020F125002CF07E /* Resources */ = {
			isa = PBXResourcesBuildPhase;
			buildActionMask = 2147483647;
			files = (
				9BD883952020F125002CF07E /* LaunchScreen.storyboard in Resources */,
				9BD883922020F125002CF07E /* Assets.xcassets in Resources */,
				9BD8838D2020F125002CF07E /* Main.storyboard in Resources */,
			);
			runOnlyForDeploymentPostprocessing = 0;
		};
		9BD883992020F125002CF07E /* Resources */ = {
			isa = PBXResourcesBuildPhase;
			buildActionMask = 2147483647;
			files = (
			);
			runOnlyForDeploymentPostprocessing = 0;
		};
		9BD883A42020F125002CF07E /* Resources */ = {
			isa = PBXResourcesBuildPhase;
			buildActionMask = 2147483647;
			files = (
			);
			runOnlyForDeploymentPostprocessing = 0;
		};
/* End PBXResourcesBuildPhase section */

/* Begin PBXSourcesBuildPhase section */
		9BD883802020F125002CF07E /* Sources */ = {
			isa = PBXSourcesBuildPhase;
			buildActionMask = 2147483647;
			files = (
				9B60964620B5F7F100E5A2BB /* CirculatLinkedList.swift in Sources */,
				9B60963420AE1B1600E5A2BB /* Edge.swift in Sources */,
				9B40B16420A7D16F00F2E241 /* BinaryTree.swift in Sources */,
				9B60963C20AFB03D00E5A2BB /* stackImplementation.swift in Sources */,
				9B60964020B36C8C00E5A2BB /* BTreeTest.swift in Sources */,
				9B40B16620AC9DC300F2E241 /* SingleLinkedList.swift in Sources */,
				9B60963220AE1B0900E5A2BB /* Vertex.swift in Sources */,
				9BD8838A2020F125002CF07E /* ViewController.swift in Sources */,
				9B4EE60E20BD2E5E00C667A6 /* TreeQuestions.swift in Sources */,
				9B8A7495206C52C100458D84 /* SearchAlgorithm.swift in Sources */,
				9B8D75B3206991CD002A40BD /* TreeDataStructure.swift in Sources */,
				9B60963620AE1B3700E5A2BB /* GraphAdjacencyList.swift in Sources */,
				9B60963820AE1B4800E5A2BB /* GraphAdjacencyMatrix.swift in Sources */,
				9BD883902020F125002CF07E /* TestDrivenDevelopment.xcdatamodeld in Sources */,
				9BD883882020F125002CF07E /* AppDelegate.swift in Sources */,
				9B8A7493206C133A00458D84 /* BinarySearchTree.swift in Sources */,
				9B60964720B5F7F100E5A2BB /* DoubleLinkedList.swift in Sources */,
				9B60963A20AF573300E5A2BB /* SimpleProgram.swift in Sources */,
				9B60964520B5F7F100E5A2BB /* SingularLinkedList.swift in Sources */,
				9B8A7497206CB37700458D84 /* SortingAlgorithm.swift in Sources */,
				9B4EE61020BD2F1500C667A6 /* GraphQuestion.swift in Sources */,
				9B60963E20B3348F00E5A2BB /* QueueImplementation.swift in Sources */,
			);
			runOnlyForDeploymentPostprocessing = 0;
		};
		9BD883972020F125002CF07E /* Sources */ = {
			isa = PBXSourcesBuildPhase;
			buildActionMask = 2147483647;
			files = (
				9BD883A02020F125002CF07E /* TestDrivenDevelopmentTests.swift in Sources */,
			);
			runOnlyForDeploymentPostprocessing = 0;
		};
		9BD883A22020F125002CF07E /* Sources */ = {
			isa = PBXSourcesBuildPhase;
			buildActionMask = 2147483647;
			files = (
				9BD883AB2020F125002CF07E /* TestDrivenDevelopmentUITests.swift in Sources */,
			);
			runOnlyForDeploymentPostprocessing = 0;
		};
/* End PBXSourcesBuildPhase section */

/* Begin PBXTargetDependency section */
		9BD8839D2020F125002CF07E /* PBXTargetDependency */ = {
			isa = PBXTargetDependency;
			target = 9BD883832020F125002CF07E /* TestDrivenDevelopment */;
			targetProxy = 9BD8839C2020F125002CF07E /* PBXContainerItemProxy */;
		};
		9BD883A82020F125002CF07E /* PBXTargetDependency */ = {
			isa = PBXTargetDependency;
			target = 9BD883832020F125002CF07E /* TestDrivenDevelopment */;
			targetProxy = 9BD883A72020F125002CF07E /* PBXContainerItemProxy */;
		};
/* End PBXTargetDependency section */

/* Begin PBXVariantGroup section */
		9BD8838B2020F125002CF07E /* Main.storyboard */ = {
			isa = PBXVariantGroup;
			children = (
				9BD8838C2020F125002CF07E /* Base */,
			);
			name = Main.storyboard;
			sourceTree = "<group>";
		};
		9BD883932020F125002CF07E /* LaunchScreen.storyboard */ = {
			isa = PBXVariantGroup;
			children = (
				9BD883942020F125002CF07E /* Base */,
			);
			name = LaunchScreen.storyboard;
			sourceTree = "<group>";
		};
/* End PBXVariantGroup section */

/* Begin XCBuildConfiguration section */
		9BD883AD2020F125002CF07E /* Debug */ = {
			isa = XCBuildConfiguration;
			buildSettings = {
				ALWAYS_SEARCH_USER_PATHS = NO;
				CLANG_ANALYZER_NONNULL = YES;
				CLANG_ANALYZER_NUMBER_OBJECT_CONVERSION = YES_AGGRESSIVE;
				CLANG_CXX_LANGUAGE_STANDARD = "gnu++14";
				CLANG_CXX_LIBRARY = "libc++";
				CLANG_ENABLE_MODULES = YES;
				CLANG_ENABLE_OBJC_ARC = YES;
				CLANG_WARN_BLOCK_CAPTURE_AUTORELEASING = YES;
				CLANG_WARN_BOOL_CONVERSION = YES;
				CLANG_WARN_COMMA = YES;
				CLANG_WARN_CONSTANT_CONVERSION = YES;
				CLANG_WARN_DIRECT_OBJC_ISA_USAGE = YES_ERROR;
				CLANG_WARN_DOCUMENTATION_COMMENTS = YES;
				CLANG_WARN_EMPTY_BODY = YES;
				CLANG_WARN_ENUM_CONVERSION = YES;
				CLANG_WARN_INFINITE_RECURSION = YES;
				CLANG_WARN_INT_CONVERSION = YES;
				CLANG_WARN_NON_LITERAL_NULL_CONVERSION = YES;
				CLANG_WARN_OBJC_LITERAL_CONVERSION = YES;
				CLANG_WARN_OBJC_ROOT_CLASS = YES_ERROR;
				CLANG_WARN_RANGE_LOOP_ANALYSIS = YES;
				CLANG_WARN_STRICT_PROTOTYPES = YES;
				CLANG_WARN_SUSPICIOUS_MOVE = YES;
				CLANG_WARN_UNGUARDED_AVAILABILITY = YES_AGGRESSIVE;
				CLANG_WARN_UNREACHABLE_CODE = YES;
				CLANG_WARN__DUPLICATE_METHOD_MATCH = YES;
				CODE_SIGN_IDENTITY = "iPhone Developer";
				COPY_PHASE_STRIP = NO;
				DEBUG_INFORMATION_FORMAT = dwarf;
				ENABLE_STRICT_OBJC_MSGSEND = YES;
				ENABLE_TESTABILITY = YES;
				GCC_C_LANGUAGE_STANDARD = gnu11;
				GCC_DYNAMIC_NO_PIC = NO;
				GCC_NO_COMMON_BLOCKS = YES;
				GCC_OPTIMIZATION_LEVEL = 0;
				GCC_PREPROCESSOR_DEFINITIONS = (
					"DEBUG=1",
					"$(inherited)",
				);
				GCC_WARN_64_TO_32_BIT_CONVERSION = YES;
				GCC_WARN_ABOUT_RETURN_TYPE = YES_ERROR;
				GCC_WARN_UNDECLARED_SELECTOR = YES;
				GCC_WARN_UNINITIALIZED_AUTOS = YES_AGGRESSIVE;
				GCC_WARN_UNUSED_FUNCTION = YES;
				GCC_WARN_UNUSED_VARIABLE = YES;
				IPHONEOS_DEPLOYMENT_TARGET = 11.2;
				MTL_ENABLE_DEBUG_INFO = YES;
				ONLY_ACTIVE_ARCH = YES;
				SDKROOT = iphoneos;
				SWIFT_ACTIVE_COMPILATION_CONDITIONS = DEBUG;
				SWIFT_OPTIMIZATION_LEVEL = "-Onone";
			};
			name = Debug;
		};
		9BD883AE2020F125002CF07E /* Release */ = {
			isa = XCBuildConfiguration;
			buildSettings = {
				ALWAYS_SEARCH_USER_PATHS = NO;
				CLANG_ANALYZER_NONNULL = YES;
				CLANG_ANALYZER_NUMBER_OBJECT_CONVERSION = YES_AGGRESSIVE;
				CLANG_CXX_LANGUAGE_STANDARD = "gnu++14";
				CLANG_CXX_LIBRARY = "libc++";
				CLANG_ENABLE_MODULES = YES;
				CLANG_ENABLE_OBJC_ARC = YES;
				CLANG_WARN_BLOCK_CAPTURE_AUTORELEASING = YES;
				CLANG_WARN_BOOL_CONVERSION = YES;
				CLANG_WARN_COMMA = YES;
				CLANG_WARN_CONSTANT_CONVERSION = YES;
				CLANG_WARN_DIRECT_OBJC_ISA_USAGE = YES_ERROR;
				CLANG_WARN_DOCUMENTATION_COMMENTS = YES;
				CLANG_WARN_EMPTY_BODY = YES;
				CLANG_WARN_ENUM_CONVERSION = YES;
				CLANG_WARN_INFINITE_RECURSION = YES;
				CLANG_WARN_INT_CONVERSION = YES;
				CLANG_WARN_NON_LITERAL_NULL_CONVERSION = YES;
				CLANG_WARN_OBJC_LITERAL_CONVERSION = YES;
				CLANG_WARN_OBJC_ROOT_CLASS = YES_ERROR;
				CLANG_WARN_RANGE_LOOP_ANALYSIS = YES;
				CLANG_WARN_STRICT_PROTOTYPES = YES;
				CLANG_WARN_SUSPICIOUS_MOVE = YES;
				CLANG_WARN_UNGUARDED_AVAILABILITY = YES_AGGRESSIVE;
				CLANG_WARN_UNREACHABLE_CODE = YES;
				CLANG_WARN__DUPLICATE_METHOD_MATCH = YES;
				CODE_SIGN_IDENTITY = "iPhone Developer";
				COPY_PHASE_STRIP = NO;
				DEBUG_INFORMATION_FORMAT = "dwarf-with-dsym";
				ENABLE_NS_ASSERTIONS = NO;
				ENABLE_STRICT_OBJC_MSGSEND = YES;
				GCC_C_LANGUAGE_STANDARD = gnu11;
				GCC_NO_COMMON_BLOCKS = YES;
				GCC_WARN_64_TO_32_BIT_CONVERSION = YES;
				GCC_WARN_ABOUT_RETURN_TYPE = YES_ERROR;
				GCC_WARN_UNDECLARED_SELECTOR = YES;
				GCC_WARN_UNINITIALIZED_AUTOS = YES_AGGRESSIVE;
				GCC_WARN_UNUSED_FUNCTION = YES;
				GCC_WARN_UNUSED_VARIABLE = YES;
				IPHONEOS_DEPLOYMENT_TARGET = 11.2;
				MTL_ENABLE_DEBUG_INFO = NO;
				SDKROOT = iphoneos;
				SWIFT_OPTIMIZATION_LEVEL = "-Owholemodule";
				VALIDATE_PRODUCT = YES;
			};
			name = Release;
		};
		9BD883B02020F125002CF07E /* Debug */ = {
			isa = XCBuildConfiguration;
			buildSettings = {
				ASSETCATALOG_COMPILER_APPICON_NAME = AppIcon;
				CODE_SIGN_STYLE = Automatic;
				DEVELOPMENT_TEAM = 53326A7Q7R;
				INFOPLIST_FILE = TestDrivenDevelopment/Info.plist;
				LD_RUNPATH_SEARCH_PATHS = "$(inherited) @executable_path/Frameworks";
				PRODUCT_BUNDLE_IDENTIFIER = com.mobileproggramming.TestDrivenDevelopment;
				PRODUCT_NAME = "$(TARGET_NAME)";
				SWIFT_VERSION = 4.0;
				TARGETED_DEVICE_FAMILY = "1,2";
			};
			name = Debug;
		};
		9BD883B12020F125002CF07E /* Release */ = {
			isa = XCBuildConfiguration;
			buildSettings = {
				ASSETCATALOG_COMPILER_APPICON_NAME = AppIcon;
				CODE_SIGN_STYLE = Automatic;
				DEVELOPMENT_TEAM = 53326A7Q7R;
				INFOPLIST_FILE = TestDrivenDevelopment/Info.plist;
				LD_RUNPATH_SEARCH_PATHS = "$(inherited) @executable_path/Frameworks";
				PRODUCT_BUNDLE_IDENTIFIER = com.mobileproggramming.TestDrivenDevelopment;
				PRODUCT_NAME = "$(TARGET_NAME)";
				SWIFT_VERSION = 4.0;
				TARGETED_DEVICE_FAMILY = "1,2";
			};
			name = Release;
		};
		9BD883B32020F125002CF07E /* Debug */ = {
			isa = XCBuildConfiguration;
			buildSettings = {
				ALWAYS_EMBED_SWIFT_STANDARD_LIBRARIES = YES;
				BUNDLE_LOADER = "$(TEST_HOST)";
				CODE_SIGN_STYLE = Automatic;
				DEVELOPMENT_TEAM = 53326A7Q7R;
				INFOPLIST_FILE = TestDrivenDevelopmentTests/Info.plist;
				LD_RUNPATH_SEARCH_PATHS = "$(inherited) @executable_path/Frameworks @loader_path/Frameworks";
				PRODUCT_BUNDLE_IDENTIFIER = com.mobileproggramming.TestDrivenDevelopmentTests;
				PRODUCT_NAME = "$(TARGET_NAME)";
				SWIFT_VERSION = 4.0;
				TARGETED_DEVICE_FAMILY = "1,2";
				TEST_HOST = "$(BUILT_PRODUCTS_DIR)/TestDrivenDevelopment.app/TestDrivenDevelopment";
			};
			name = Debug;
		};
		9BD883B42020F125002CF07E /* Release */ = {
			isa = XCBuildConfiguration;
			buildSettings = {
				ALWAYS_EMBED_SWIFT_STANDARD_LIBRARIES = YES;
				BUNDLE_LOADER = "$(TEST_HOST)";
				CODE_SIGN_STYLE = Automatic;
				DEVELOPMENT_TEAM = 53326A7Q7R;
				INFOPLIST_FILE = TestDrivenDevelopmentTests/Info.plist;
				LD_RUNPATH_SEARCH_PATHS = "$(inherited) @executable_path/Frameworks @loader_path/Frameworks";
				PRODUCT_BUNDLE_IDENTIFIER = com.mobileproggramming.TestDrivenDevelopmentTests;
				PRODUCT_NAME = "$(TARGET_NAME)";
				SWIFT_VERSION = 4.0;
				TARGETED_DEVICE_FAMILY = "1,2";
				TEST_HOST = "$(BUILT_PRODUCTS_DIR)/TestDrivenDevelopment.app/TestDrivenDevelopment";
			};
			name = Release;
		};
		9BD883B62020F125002CF07E /* Debug */ = {
			isa = XCBuildConfiguration;
			buildSettings = {
				ALWAYS_EMBED_SWIFT_STANDARD_LIBRARIES = YES;
				CODE_SIGN_STYLE = Automatic;
				DEVELOPMENT_TEAM = 53326A7Q7R;
				INFOPLIST_FILE = TestDrivenDevelopmentUITests/Info.plist;
				LD_RUNPATH_SEARCH_PATHS = "$(inherited) @executable_path/Frameworks @loader_path/Frameworks";
				PRODUCT_BUNDLE_IDENTIFIER = com.mobileproggramming.TestDrivenDevelopmentUITests;
				PRODUCT_NAME = "$(TARGET_NAME)";
				SWIFT_VERSION = 4.0;
				TARGETED_DEVICE_FAMILY = "1,2";
				TEST_TARGET_NAME = TestDrivenDevelopment;
			};
			name = Debug;
		};
		9BD883B72020F125002CF07E /* Release */ = {
			isa = XCBuildConfiguration;
			buildSettings = {
				ALWAYS_EMBED_SWIFT_STANDARD_LIBRARIES = YES;
				CODE_SIGN_STYLE = Automatic;
				DEVELOPMENT_TEAM = 53326A7Q7R;
				INFOPLIST_FILE = TestDrivenDevelopmentUITests/Info.plist;
				LD_RUNPATH_SEARCH_PATHS = "$(inherited) @executable_path/Frameworks @loader_path/Frameworks";
				PRODUCT_BUNDLE_IDENTIFIER = com.mobileproggramming.TestDrivenDevelopmentUITests;
				PRODUCT_NAME = "$(TARGET_NAME)";
				SWIFT_VERSION = 4.0;
				TARGETED_DEVICE_FAMILY = "1,2";
				TEST_TARGET_NAME = TestDrivenDevelopment;
			};
			name = Release;
		};
/* End XCBuildConfiguration section */

/* Begin XCConfigurationList section */
		9BD8837F2020F125002CF07E /* Build configuration list for PBXProject "TestDrivenDevelopment" */ = {
			isa = XCConfigurationList;
			buildConfigurations = (
				9BD883AD2020F125002CF07E /* Debug */,
				9BD883AE2020F125002CF07E /* Release */,
			);
			defaultConfigurationIsVisible = 0;
			defaultConfigurationName = Release;
		};
		9BD883AF2020F125002CF07E /* Build configuration list for PBXNativeTarget "TestDrivenDevelopment" */ = {
			isa = XCConfigurationList;
			buildConfigurations = (
				9BD883B02020F125002CF07E /* Debug */,
				9BD883B12020F125002CF07E /* Release */,
			);
			defaultConfigurationIsVisible = 0;
			defaultConfigurationName = Release;
		};
		9BD883B22020F125002CF07E /* Build configuration list for PBXNativeTarget "TestDrivenDevelopmentTests" */ = {
			isa = XCConfigurationList;
			buildConfigurations = (
				9BD883B32020F125002CF07E /* Debug */,
				9BD883B42020F125002CF07E /* Release */,
			);
			defaultConfigurationIsVisible = 0;
			defaultConfigurationName = Release;
		};
		9BD883B52020F125002CF07E /* Build configuration list for PBXNativeTarget "TestDrivenDevelopmentUITests" */ = {
			isa = XCConfigurationList;
			buildConfigurations = (
				9BD883B62020F125002CF07E /* Debug */,
				9BD883B72020F125002CF07E /* Release */,
			);
			defaultConfigurationIsVisible = 0;
			defaultConfigurationName = Release;
		};
/* End XCConfigurationList section */

/* Begin XCVersionGroup section */
		9BD8838E2020F125002CF07E /* TestDrivenDevelopment.xcdatamodeld */ = {
			isa = XCVersionGroup;
			children = (
				9BD8838F2020F125002CF07E /* TestDrivenDevelopment.xcdatamodel */,
			);
			currentVersion = 9BD8838F2020F125002CF07E /* TestDrivenDevelopment.xcdatamodel */;
			path = TestDrivenDevelopment.xcdatamodeld;
			sourceTree = "<group>";
			versionGroupType = wrapper.xcdatamodel;
		};
/* End XCVersionGroup section */
	};
	rootObject = 9BD8837C2020F125002CF07E /* Project object */;
}
